
Microsoft Visual Studio Solution File, Format Version 12.00
# Visual Studio Version 17
VisualStudioVersion = 17.10.35027.167
MinimumVisualStudioVersion = 10.0.40219.1
Project("{9A19103F-16F7-4668-BE54-9A1E7A4F7556}") = "Crud", "Crud\Crud.csproj", "{B44D73A6-8382-4AC8-9671-1F0A4D6EA57D}"
EndProject
Global
	GlobalSection(SolutionConfigurationPlatforms) = preSolution
		Debug|Any CPU = Debug|Any CPU
		Release|Any CPU = Release|Any CPU
	EndGlobalSection
	GlobalSection(ProjectConfigurationPlatforms) = postSolution
		{B44D73A6-8382-4AC8-9671-1F0A4D6EA57D}.Debug|Any CPU.ActiveCfg = Debug|Any CPU
		{B44D73A6-8382-4AC8-9671-1F0A4D6EA57D}.Debug|Any CPU.Build.0 = Debug|Any CPU
		{B44D73A6-8382-4AC8-9671-1F0A4D6EA57D}.Release|Any CPU.ActiveCfg = Release|Any CPU
		{B44D73A6-8382-4AC8-9671-1F0A4D6EA57D}.Release|Any CPU.Build.0 = Release|Any CPU
	EndGlobalSection
	GlobalSection(SolutionProperties) = preSolution
		HideSolutionNode = FALSE
	EndGlobalSection
	GlobalSection(ExtensibilityGlobals) = postSolution
		SolutionGuid = {7E4BB584-64D8-4E36-8ED7-E392BD5ACD60}
	EndGlobalSection
EndGlobal
